{
  "name": "markdownintopdf",
  "version": "1.0.0",
  "lockfileVersion": 2,
  "requires": true,
  "packages": {
    "": {
      "name": "markdownintopdf",
      "version": "1.0.0",
      "license": "MIT",
      "dependencies": {
        "nodrogelo-snippet": "^1.0.0"
      }
    },
    "node_modules/nodrogelo-snippet": {
      "version": "1.0.0",
      "resolved": "https://registry.npmjs.org/nodrogelo-snippet/-/nodrogelo-snippet-1.0.0.tgz",
      "integrity": "sha512-kNrz8TG0bAFsZWnEFQBlMY8isV1WlhG53rVRIBALWrutjCFHEzOrIwlEmcIW7Zw85ln+UuMBvgbXPmkqqwcTdA=="
    }
  },
  "dependencies": {
    "nodrogelo-snippet": {
      "version": "1.0.0",
      "resolved": "https://registry.npmjs.org/nodrogelo-snippet/-/nodrogelo-snippet-1.0.0.tgz",
      "integrity": "sha512-kNrz8TG0bAFsZWnEFQBlMY8isV1WlhG53rVRIBALWrutjCFHEzOrIwlEmcIW7Zw85ln+UuMBvgbXPmkqqwcTdA=="
    }
  }
}
